// !$*UTF8*$!
{
	archiveVersion = 1;
	classes = {
	};
	objectVersion = 77;
	objects = {

/* Begin PBXBuildFile section */
		E91B54EA2DBE538E00199467 /* Kingfisher in Frameworks */ = {isa = PBXBuildFile; productRef = E91B54E92DBE538E00199467 /* Kingfisher */; };
/* End PBXBuildFile section */

/* Begin PBXContainerItemProxy section */
		E91B54222DBD9BEA00199467 /* PBXContainerItemProxy */ = {
			isa = PBXContainerItemProxy;
			containerPortal = E91B54032DBD9BE800199467 /* Project object */;
			proxyType = 1;
			remoteGlobalIDString = E91B540A2DBD9BE800199467;
			remoteInfo = BungaeJangter;
		};
		E91B542C2DBD9BEA00199467 /* PBXContainerItemProxy */ = {
			isa = PBXContainerItemProxy;
			containerPortal = E91B54032DBD9BE800199467 /* Project object */;
			proxyType = 1;
			remoteGlobalIDString = E91B540A2DBD9BE800199467;
			remoteInfo = BungaeJangter;
		};
/* End PBXContainerItemProxy section */

/* Begin PBXFileReference section */
		E91B540B2DBD9BE800199467 /* BungaeJangter.app */ = {isa = PBXFileReference; explicitFileType = wrapper.application; includeInIndex = 0; path = BungaeJangter.app; sourceTree = BUILT_PRODUCTS_DIR; };
		E91B54212DBD9BEA00199467 /* BungaeJangterTests.xctest */ = {isa = PBXFileReference; explicitFileType = wrapper.cfbundle; includeInIndex = 0; path = BungaeJangterTests.xctest; sourceTree = BUILT_PRODUCTS_DIR; };
		E91B542B2DBD9BEA00199467 /* BungaeJangterUITests.xctest */ = {isa = PBXFileReference; explicitFileType = wrapper.cfbundle; includeInIndex = 0; path = BungaeJangterUITests.xctest; sourceTree = BUILT_PRODUCTS_DIR; };
/* End PBXFileReference section */

/* Begin PBXFileSystemSynchronizedBuildFileExceptionSet section */
		E91B54332DBD9BEA00199467 /* Exceptions for "BungaeJangter" folder in "BungaeJangter" target */ = {
			isa = PBXFileSystemSynchronizedBuildFileExceptionSet;
			membershipExceptions = (
				Info.plist,
			);
			target = E91B540A2DBD9BE800199467 /* BungaeJangter */;
		};
/* End PBXFileSystemSynchronizedBuildFileExceptionSet section */

/* Begin PBXFileSystemSynchronizedRootGroup section */
		E91B540D2DBD9BE800199467 /* BungaeJangter */ = {
			isa = PBXFileSystemSynchronizedRootGroup;
			exceptions = (
				E91B54332DBD9BEA00199467 /* Exceptions for "BungaeJangter" folder in "BungaeJangter" target */,
			);
			path = BungaeJangter;
			sourceTree = "<group>";
		};
		E91B54242DBD9BEA00199467 /* BungaeJangterTests */ = {
			isa = PBXFileSystemSynchronizedRootGroup;
			path = BungaeJangterTests;
			sourceTree = "<group>";
		};
		E91B542E2DBD9BEA00199467 /* BungaeJangterUITests */ = {
			isa = PBXFileSystemSynchronizedRootGroup;
			path = BungaeJangterUITests;
			sourceTree = "<group>";
		};
/* End PBXFileSystemSynchronizedRootGroup section */

/* Begin PBXFrameworksBuildPhase section */
		E91B54082DBD9BE800199467 /* Frameworks */ = {
			isa = PBXFrameworksBuildPhase;
			buildActionMask = 2147483647;
			files = (
				E91B54EA2DBE538E00199467 /* Kingfisher in Frameworks */,
			);
			runOnlyForDeploymentPostprocessing = 0;
		};
		E91B541E2DBD9BEA00199467 /* Frameworks */ = {
			isa = PBXFrameworksBuildPhase;
			buildActionMask = 2147483647;
			files = (
			);
			runOnlyForDeploymentPostprocessing = 0;
		};
		E91B54282DBD9BEA00199467 /* Frameworks */ = {
			isa = PBXFrameworksBuildPhase;
			buildActionMask = 2147483647;
			files = (
			);
			runOnlyForDeploymentPostprocessing = 0;
		};
/* End PBXFrameworksBuildPhase section */

/* Begin PBXGroup section */
		E91B54022DBD9BE800199467 = {
			isa = PBXGroup;
			children = (
				E91B540D2DBD9BE800199467 /* BungaeJangter */,
				E91B54242DBD9BEA00199467 /* BungaeJangterTests */,
				E91B542E2DBD9BEA00199467 /* BungaeJangterUITests */,
				E91B540C2DBD9BE800199467 /* Products */,
			);
			sourceTree = "<group>";
		};
		E91B540C2DBD9BE800199467 /* Products */ = {
			isa = PBXGroup;
			children = (
				E91B540B2DBD9BE800199467 /* BungaeJangter.app */,
				E91B54212DBD9BEA00199467 /* BungaeJangterTests.xctest */,
				E91B542B2DBD9BEA00199467 /* BungaeJangterUITests.xctest */,
			);
			name = Products;
			sourceTree = "<group>";
		};
/* End PBXGroup section */

/* Begin PBXNativeTarget section */
		E91B540A2DBD9BE800199467 /* BungaeJangter */ = {
			isa = PBXNativeTarget;
			buildConfigurationList = E91B54342DBD9BEA00199467 /* Build configuration list for PBXNativeTarget "BungaeJangter" */;
			buildPhases = (
				E91B54072DBD9BE800199467 /* Sources */,
				E91B54082DBD9BE800199467 /* Frameworks */,
				E91B54092DBD9BE800199467 /* Resources */,
			);
			buildRules = (
			);
			dependencies = (
			);
			fileSystemSynchronizedGroups = (
				E91B540D2DBD9BE800199467 /* BungaeJangter */,
			);
			name = BungaeJangter;
			packageProductDependencies = (
				E91B54E92DBE538E00199467 /* Kingfisher */,
			);
			productName = BungaeJangter;
			productReference = E91B540B2DBD9BE800199467 /* BungaeJangter.app */;
			productType = "com.apple.product-type.application";
		};
		E91B54202DBD9BEA00199467 /* BungaeJangterTests */ = {
			isa = PBXNativeTarget;
			buildConfigurationList = E91B54392DBD9BEA00199467 /* Build configuration list for PBXNativeTarget "BungaeJangterTests" */;
			buildPhases = (
				E91B541D2DBD9BEA00199467 /* Sources */,
				E91B541E2DBD9BEA00199467 /* Frameworks */,
				E91B541F2DBD9BEA00199467 /* Resources */,
			);
			buildRules = (
			);
			dependencies = (
				E91B54232DBD9BEA00199467 /* PBXTargetDependency */,
			);
			fileSystemSynchronizedGroups = (
				E91B54242DBD9BEA00199467 /* BungaeJangterTests */,
			);
			name = BungaeJangterTests;
			packageProductDependencies = (
			);
			productName = BungaeJangterTests;
			productReference = E91B54212DBD9BEA00199467 /* BungaeJangterTests.xctest */;
			productType = "com.apple.product-type.bundle.unit-test";
		};
		E91B542A2DBD9BEA00199467 /* BungaeJangterUITests */ = {
			isa = PBXNativeTarget;
			buildConfigurationList = E91B543C2DBD9BEA00199467 /* Build configuration list for PBXNativeTarget "BungaeJangterUITests" */;
			buildPhases = (
				E91B54272DBD9BEA00199467 /* Sources */,
				E91B54282DBD9BEA00199467 /* Frameworks */,
				E91B54292DBD9BEA00199467 /* Resources */,
			);
			buildRules = (
			);
			dependencies = (
				E91B542D2DBD9BEA00199467 /* PBXTargetDependency */,
			);
			fileSystemSynchronizedGroups = (
				E91B542E2DBD9BEA00199467 /* BungaeJangterUITests */,
			);
			name = BungaeJangterUITests;
			packageProductDependencies = (
			);
			productName = BungaeJangterUITests;
			productReference = E91B542B2DBD9BEA00199467 /* BungaeJangterUITests.xctest */;
			productType = "com.apple.product-type.bundle.ui-testing";
		};
/* End PBXNativeTarget section */

/* Begin PBXProject section */
		E91B54032DBD9BE800199467 /* Project object */ = {
			isa = PBXProject;
			attributes = {
				BuildIndependentTargetsInParallel = 1;
				LastSwiftUpdateCheck = 1620;
				LastUpgradeCheck = 1620;
				TargetAttributes = {
					E91B540A2DBD9BE800199467 = {
						CreatedOnToolsVersion = 16.2;
					};
					E91B54202DBD9BEA00199467 = {
						CreatedOnToolsVersion = 16.2;
						TestTargetID = E91B540A2DBD9BE800199467;
					};
					E91B542A2DBD9BEA00199467 = {
						CreatedOnToolsVersion = 16.2;
						TestTargetID = E91B540A2DBD9BE800199467;
					};
				};
			};
			buildConfigurationList = E91B54062DBD9BE800199467 /* Build configuration list for PBXProject "BungaeJangter" */;
			developmentRegion = en;
			hasScannedForEncodings = 0;
			knownRegions = (
				en,
				Base,
			);
			mainGroup = E91B54022DBD9BE800199467;
			minimizedProjectReferenceProxies = 1;
			packageReferences = (
				E91B54E82DBE538E00199467 /* XCRemoteSwiftPackageReference "Kingfisher" */,
			);
			preferredProjectObjectVersion = 77;
			productRefGroup = E91B540C2DBD9BE800199467 /* Products */;
			projectDirPath = "";
			projectRoot = "";
			targets = (
				E91B540A2DBD9BE800199467 /* BungaeJangter */,
				E91B54202DBD9BEA00199467 /* BungaeJangterTests */,
				E91B542A2DBD9BEA00199467 /* BungaeJangterUITests */,
			);
		};
/* End PBXProject section */

/* Begin PBXResourcesBuildPhase section */
		E91B54092DBD9BE800199467 /* Resources */ = {
			isa = PBXResourcesBuildPhase;
			buildActionMask = 2147483647;
			files = (
			);
			runOnlyForDeploymentPostprocessing = 0;
		};
		E91B541F2DBD9BEA00199467 /* Resources */ = {
			isa = PBXResourcesBuildPhase;
			buildActionMask = 2147483647;
			files = (
			);
			runOnlyForDeploymentPostprocessing = 0;
		};
		E91B54292DBD9BEA00199467 /* Resources */ = {
			isa = PBXResourcesBuildPhase;
			buildActionMask = 2147483647;
			files = (
			);
			runOnlyForDeploymentPostprocessing = 0;
		};
/* End PBXResourcesBuildPhase section */

/* Begin PBXSourcesBuildPhase section */
		E91B54072DBD9BE800199467 /* Sources */ = {
			isa = PBXSourcesBuildPhase;
			buildActionMask = 2147483647;
			files = (
			);
			runOnlyForDeploymentPostprocessing = 0;
		};
		E91B541D2DBD9BEA00199467 /* Sources */ = {
			isa = PBXSourcesBuildPhase;
			buildActionMask = 2147483647;
			files = (
			);
			runOnlyForDeploymentPostprocessing = 0;
		};
		E91B54272DBD9BEA00199467 /* Sources */ = {
			isa = PBXSourcesBuildPhase;
			buildActionMask = 2147483647;
			files = (
			);
			runOnlyForDeploymentPostprocessing = 0;
		};
/* End PBXSourcesBuildPhase section */

/* Begin PBXTargetDependency section */
		E91B54232DBD9BEA00199467 /* PBXTargetDependency */ = {
			isa = PBXTargetDependency;
			target = E91B540A2DBD9BE800199467 /* BungaeJangter */;
			targetProxy = E91B54222DBD9BEA00199467 /* PBXContainerItemProxy */;
		};
		E91B542D2DBD9BEA00199467 /* PBXTargetDependency */ = {
			isa = PBXTargetDependency;
			target = E91B540A2DBD9BE800199467 /* BungaeJangter */;
			targetProxy = E91B542C2DBD9BEA00199467 /* PBXContainerItemProxy */;
		};
/* End PBXTargetDependency section */

/* Begin XCBuildConfiguration section */
		E91B54352DBD9BEA00199467 /* Debug */ = {
			isa = XCBuildConfiguration;
			buildSettings = {
				ASSETCATALOG_COMPILER_APPICON_NAME = AppIcon;
				ASSETCATALOG_COMPILER_GLOBAL_ACCENT_COLOR_NAME = AccentColor;
				CODE_SIGN_STYLE = Automatic;
				CURRENT_PROJECT_VERSION = 1;
				DEVELOPMENT_TEAM = 9D8Z7P8B7B;
				GENERATE_INFOPLIST_FILE = YES;
				INFOPLIST_FILE = BungaeJangter/Info.plist;
				INFOPLIST_KEY_CFBundleDisplayName = "번개장터";
				INFOPLIST_KEY_UIApplicationSupportsIndirectInputEvents = YES;
				INFOPLIST_KEY_UILaunchStoryboardName = LaunchScreen;
				INFOPLIST_KEY_UIMainStoryboardFile = Main;
				INFOPLIST_KEY_UISupportedInterfaceOrientations_iPad = "UIInterfaceOrientationPortrait UIInterfaceOrientationPortraitUpsideDown UIInterfaceOrientationLandscapeLeft UIInterfaceOrientationLandscapeRight";
				INFOPLIST_KEY_UISupportedInterfaceOrientations_iPhone = "UIInterfaceOrientationPortrait UIInterfaceOrientationLandscapeLeft UIInterfaceOrientationLandscapeRight";
				INFOPLIST_KEY_UIUserInterfaceStyle = Light;
				IPHONEOS_DEPLOYMENT_TARGET = 15.0;
				LD_RUNPATH_SEARCH_PATHS = (
					"$(inherited)",
					"@executable_path/Frameworks",
				);
				MARKETING_VERSION = 1.0;
				PRODUCT_BUNDLE_IDENTIFIER = com.sangchang.BungaeJangter;
				PRODUCT_NAME = "$(TARGET_NAME)";
				SWIFT_EMIT_LOC_STRINGS = YES;
				SWIFT_VERSION = 5.0;
				TARGETED_DEVICE_FAMILY = "1,2";
			};
			name = Debug;
		};
		E91B54362DBD9BEA00199467 /* Release */ = {
			isa = XCBuildConfiguration;
			buildSettings = {
				ASSETCATALOG_COMPILER_APPICON_NAME = AppIcon;
				ASSETCATALOG_COMPILER_GLOBAL_ACCENT_COLOR_NAME = AccentColor;
				CODE_SIGN_STYLE = Automatic;
				CURRENT_PROJECT_VERSION = 1;
				DEVELOPMENT_TEAM = 9D8Z7P8B7B;
				GENERATE_INFOPLIST_FILE = YES;
				INFOPLIST_FILE = BungaeJangter/Info.plist;
				INFOPLIST_KEY_CFBundleDisplayName = "번개장터";
				INFOPLIST_KEY_UIApplicationSupportsIndirectInputEvents = YES;
				INFOPLIST_KEY_UILaunchStoryboardName = LaunchScreen;
				INFOPLIST_KEY_UIMainStoryboardFile = Main;
				INFOPLIST_KEY_UISupportedInterfaceOrientations_iPad = "UIInterfaceOrientationPortrait UIInterfaceOrientationPortraitUpsideDown UIInterfaceOrientationLandscapeLeft UIInterfaceOrientationLandscapeRight";
				INFOPLIST_KEY_UISupportedInterfaceOrientations_iPhone = "UIInterfaceOrientationPortrait UIInterfaceOrientationLandscapeLeft UIInterfaceOrientationLandscapeRight";
				INFOPLIST_KEY_UIUserInterfaceStyle = Light;
				IPHONEOS_DEPLOYMENT_TARGET = 15.0;
				LD_RUNPATH_SEARCH_PATHS = (
					"$(inherited)",
					"@executable_path/Frameworks",
				);
				MARKETING_VERSION = 1.0;
				PRODUCT_BUNDLE_IDENTIFIER = com.sangchang.BungaeJangter;
				PRODUCT_NAME = "$(TARGET_NAME)";
				SWIFT_EMIT_LOC_STRINGS = YES;
				SWIFT_VERSION = 5.0;
				TARGETED_DEVICE_FAMILY = "1,2";
			};
			name = Release;
		};
		E91B54372DBD9BEA00199467 /* Debug */ = {
			isa = XCBuildConfiguration;
			buildSettings = {
				ALWAYS_SEARCH_USER_PATHS = NO;
				ASSETCATALOG_COMPILER_GENERATE_SWIFT_ASSET_SYMBOL_EXTENSIONS = YES;
				CLANG_ANALYZER_NONNULL = YES;
				CLANG_ANALYZER_NUMBER_OBJECT_CONVERSION = YES_AGGRESSIVE;
				CLANG_CXX_LANGUAGE_STANDARD = "gnu++20";
				CLANG_ENABLE_MODULES = YES;
				CLANG_ENABLE_OBJC_ARC = YES;
				CLANG_ENABLE_OBJC_WEAK = YES;
				CLANG_WARN_BLOCK_CAPTURE_AUTORELEASING = YES;
				CLANG_WARN_BOOL_CONVERSION = YES;
				CLANG_WARN_COMMA = YES;
				CLANG_WARN_CONSTANT_CONVERSION = YES;
				CLANG_WARN_DEPRECATED_OBJC_IMPLEMENTATIONS = YES;
				CLANG_WARN_DIRECT_OBJC_ISA_USAGE = YES_ERROR;
				CLANG_WARN_DOCUMENTATION_COMMENTS = YES;
				CLANG_WARN_EMPTY_BODY = YES;
				CLANG_WARN_ENUM_CONVERSION = YES;
				CLANG_WARN_INFINITE_RECURSION = YES;
				CLANG_WARN_INT_CONVERSION = YES;
				CLANG_WARN_NON_LITERAL_NULL_CONVERSION = YES;
				CLANG_WARN_OBJC_IMPLICIT_RETAIN_SELF = YES;
				CLANG_WARN_OBJC_LITERAL_CONVERSION = YES;
				CLANG_WARN_OBJC_ROOT_CLASS = YES_ERROR;
				CLANG_WARN_QUOTED_INCLUDE_IN_FRAMEWORK_HEADER = YES;
				CLANG_WARN_RANGE_LOOP_ANALYSIS = YES;
				CLANG_WARN_STRICT_PROTOTYPES = YES;
				CLANG_WARN_SUSPICIOUS_MOVE = YES;
				CLANG_WARN_UNGUARDED_AVAILABILITY = YES_AGGRESSIVE;
				CLANG_WARN_UNREACHABLE_CODE = YES;
				CLANG_WARN__DUPLICATE_METHOD_MATCH = YES;
				COPY_PHASE_STRIP = NO;
				DEBUG_INFORMATION_FORMAT = dwarf;
				ENABLE_STRICT_OBJC_MSGSEND = YES;
				ENABLE_TESTABILITY = YES;
				ENABLE_USER_SCRIPT_SANDBOXING = YES;
				GCC_C_LANGUAGE_STANDARD = gnu17;
				GCC_DYNAMIC_NO_PIC = NO;
				GCC_NO_COMMON_BLOCKS = YES;
				GCC_OPTIMIZATION_LEVEL = 0;
				GCC_PREPROCESSOR_DEFINITIONS = (
					"DEBUG=1",
					"$(inherited)",
				);
				GCC_WARN_64_TO_32_BIT_CONVERSION = YES;
				GCC_WARN_ABOUT_RETURN_TYPE = YES_ERROR;
				GCC_WARN_UNDECLARED_SELECTOR = YES;
				GCC_WARN_UNINITIALIZED_AUTOS = YES_AGGRESSIVE;
				GCC_WARN_UNUSED_FUNCTION = YES;
				GCC_WARN_UNUSED_VARIABLE = YES;
				IPHONEOS_DEPLOYMENT_TARGET = 18.2;
				LOCALIZATION_PREFERS_STRING_CATALOGS = YES;
				MTL_ENABLE_DEBUG_INFO = INCLUDE_SOURCE;
				MTL_FAST_MATH = YES;
				ONLY_ACTIVE_ARCH = YES;
				SDKROOT = iphoneos;
				SWIFT_ACTIVE_COMPILATION_CONDITIONS = "DEBUG $(inherited)";
				SWIFT_OPTIMIZATION_LEVEL = "-Onone";
			};
			name = Debug;
		};
		E91B54382DBD9BEA00199467 /* Release */ = {
			isa = XCBuildConfiguration;
			buildSettings = {
				ALWAYS_SEARCH_USER_PATHS = NO;
				ASSETCATALOG_COMPILER_GENERATE_SWIFT_ASSET_SYMBOL_EXTENSIONS = YES;
				CLANG_ANALYZER_NONNULL = YES;
				CLANG_ANALYZER_NUMBER_OBJECT_CONVERSION = YES_AGGRESSIVE;
				CLANG_CXX_LANGUAGE_STANDARD = "gnu++20";
				CLANG_ENABLE_MODULES = YES;
				CLANG_ENABLE_OBJC_ARC = YES;
				CLANG_ENABLE_OBJC_WEAK = YES;
				CLANG_WARN_BLOCK_CAPTURE_AUTORELEASING = YES;
				CLANG_WARN_BOOL_CONVERSION = YES;
				CLANG_WARN_COMMA = YES;
				CLANG_WARN_CONSTANT_CONVERSION = YES;
				CLANG_WARN_DEPRECATED_OBJC_IMPLEMENTATIONS = YES;
				CLANG_WARN_DIRECT_OBJC_ISA_USAGE = YES_ERROR;
				CLANG_WARN_DOCUMENTATION_COMMENTS = YES;
				CLANG_WARN_EMPTY_BODY = YES;
				CLANG_WARN_ENUM_CONVERSION = YES;
				CLANG_WARN_INFINITE_RECURSION = YES;
				CLANG_WARN_INT_CONVERSION = YES;
				CLANG_WARN_NON_LITERAL_NULL_CONVERSION = YES;
				CLANG_WARN_OBJC_IMPLICIT_RETAIN_SELF = YES;
				CLANG_WARN_OBJC_LITERAL_CONVERSION = YES;
				CLANG_WARN_OBJC_ROOT_CLASS = YES_ERROR;
				CLANG_WARN_QUOTED_INCLUDE_IN_FRAMEWORK_HEADER = YES;
				CLANG_WARN_RANGE_LOOP_ANALYSIS = YES;
				CLANG_WARN_STRICT_PROTOTYPES = YES;
				CLANG_WARN_SUSPICIOUS_MOVE = YES;
				CLANG_WARN_UNGUARDED_AVAILABILITY = YES_AGGRESSIVE;
				CLANG_WARN_UNREACHABLE_CODE = YES;
				CLANG_WARN__DUPLICATE_METHOD_MATCH = YES;
				COPY_PHASE_STRIP = NO;
				DEBUG_INFORMATION_FORMAT = "dwarf-with-dsym";
				ENABLE_NS_ASSERTIONS = NO;
				ENABLE_STRICT_OBJC_MSGSEND = YES;
				ENABLE_USER_SCRIPT_SANDBOXING = YES;
				GCC_C_LANGUAGE_STANDARD = gnu17;
				GCC_NO_COMMON_BLOCKS = YES;
				GCC_WARN_64_TO_32_BIT_CONVERSION = YES;
				GCC_WARN_ABOUT_RETURN_TYPE = YES_ERROR;
				GCC_WARN_UNDECLARED_SELECTOR = YES;
				GCC_WARN_UNINITIALIZED_AUTOS = YES_AGGRESSIVE;
				GCC_WARN_UNUSED_FUNCTION = YES;
				GCC_WARN_UNUSED_VARIABLE = YES;
				IPHONEOS_DEPLOYMENT_TARGET = 18.2;
				LOCALIZATION_PREFERS_STRING_CATALOGS = YES;
				MTL_ENABLE_DEBUG_INFO = NO;
				MTL_FAST_MATH = YES;
				SDKROOT = iphoneos;
				SWIFT_COMPILATION_MODE = wholemodule;
				VALIDATE_PRODUCT = YES;
			};
			name = Release;
		};
		E91B543A2DBD9BEA00199467 /* Debug */ = {
			isa = XCBuildConfiguration;
			buildSettings = {
				BUNDLE_LOADER = "$(TEST_HOST)";
				CODE_SIGN_STYLE = Automatic;
				CURRENT_PROJECT_VERSION = 1;
				DEVELOPMENT_TEAM = 9D8Z7P8B7B;
				GENERATE_INFOPLIST_FILE = YES;
				IPHONEOS_DEPLOYMENT_TARGET = 18.2;
				MARKETING_VERSION = 1.0;
				PRODUCT_BUNDLE_IDENTIFIER = com.sangchang.BungaeJangterTests;
				PRODUCT_NAME = "$(TARGET_NAME)";
				SWIFT_EMIT_LOC_STRINGS = NO;
				SWIFT_VERSION = 5.0;
				TARGETED_DEVICE_FAMILY = "1,2";
				TEST_HOST = "$(BUILT_PRODUCTS_DIR)/BungaeJangter.app/$(BUNDLE_EXECUTABLE_FOLDER_PATH)/BungaeJangter";
			};
			name = Debug;
		};
		E91B543B2DBD9BEA00199467 /* Release */ = {
			isa = XCBuildConfiguration;
			buildSettings = {
				BUNDLE_LOADER = "$(TEST_HOST)";
				CODE_SIGN_STYLE = Automatic;
				CURRENT_PROJECT_VERSION = 1;
				DEVELOPMENT_TEAM = 9D8Z7P8B7B;
				GENERATE_INFOPLIST_FILE = YES;
				IPHONEOS_DEPLOYMENT_TARGET = 18.2;
				MARKETING_VERSION = 1.0;
				PRODUCT_BUNDLE_IDENTIFIER = com.sangchang.BungaeJangterTests;
				PRODUCT_NAME = "$(TARGET_NAME)";
				SWIFT_EMIT_LOC_STRINGS = NO;
				SWIFT_VERSION = 5.0;
				TARGETED_DEVICE_FAMILY = "1,2";
				TEST_HOST = "$(BUILT_PRODUCTS_DIR)/BungaeJangter.app/$(BUNDLE_EXECUTABLE_FOLDER_PATH)/BungaeJangter";
			};
			name = Release;
		};
		E91B543D2DBD9BEA00199467 /* Debug */ = {
			isa = XCBuildConfiguration;
			buildSettings = {
				CODE_SIGN_STYLE = Automatic;
				CURRENT_PROJECT_VERSION = 1;
				DEVELOPMENT_TEAM = 9D8Z7P8B7B;
				GENERATE_INFOPLIST_FILE = YES;
				MARKETING_VERSION = 1.0;
				PRODUCT_BUNDLE_IDENTIFIER = com.sangchang.BungaeJangterUITests;
				PRODUCT_NAME = "$(TARGET_NAME)";
				SWIFT_EMIT_LOC_STRINGS = NO;
				SWIFT_VERSION = 5.0;
				TARGETED_DEVICE_FAMILY = "1,2";
				TEST_TARGET_NAME = BungaeJangter;
			};
			name = Debug;
		};
		E91B543E2DBD9BEA00199467 /* Release */ = {
			isa = XCBuildConfiguration;
			buildSettings = {
				CODE_SIGN_STYLE = Automatic;
				CURRENT_PROJECT_VERSION = 1;
				DEVELOPMENT_TEAM = 9D8Z7P8B7B;
				GENERATE_INFOPLIST_FILE = YES;
				MARKETING_VERSION = 1.0;
				PRODUCT_BUNDLE_IDENTIFIER = com.sangchang.BungaeJangterUITests;
				PRODUCT_NAME = "$(TARGET_NAME)";
				SWIFT_EMIT_LOC_STRINGS = NO;
				SWIFT_VERSION = 5.0;
				TARGETED_DEVICE_FAMILY = "1,2";
				TEST_TARGET_NAME = BungaeJangter;
			};
			name = Release;
		};
/* End XCBuildConfiguration section */

/* Begin XCConfigurationList section */
		E91B54062DBD9BE800199467 /* Build configuration list for PBXProject "BungaeJangter" */ = {
			isa = XCConfigurationList;
			buildConfigurations = (
				E91B54372DBD9BEA00199467 /* Debug */,
				E91B54382DBD9BEA00199467 /* Release */,
			);
			defaultConfigurationIsVisible = 0;
			defaultConfigurationName = Release;
		};
		E91B54342DBD9BEA00199467 /* Build configuration list for PBXNativeTarget "BungaeJangter" */ = {
			isa = XCConfigurationList;
			buildConfigurations = (
				E91B54352DBD9BEA00199467 /* Debug */,
				E91B54362DBD9BEA00199467 /* Release */,
			);
			defaultConfigurationIsVisible = 0;
			defaultConfigurationName = Release;
		};
		E91B54392DBD9BEA00199467 /* Build configuration list for PBXNativeTarget "BungaeJangterTests" */ = {
			isa = XCConfigurationList;
			buildConfigurations = (
				E91B543A2DBD9BEA00199467 /* Debug */,
				E91B543B2DBD9BEA00199467 /* Release */,
			);
			defaultConfigurationIsVisible = 0;
			defaultConfigurationName = Release;
		};
		E91B543C2DBD9BEA00199467 /* Build configuration list for PBXNativeTarget "BungaeJangterUITests" */ = {
			isa = XCConfigurationList;
			buildConfigurations = (
				E91B543D2DBD9BEA00199467 /* Debug */,
				E91B543E2DBD9BEA00199467 /* Release */,
			);
			defaultConfigurationIsVisible = 0;
			defaultConfigurationName = Release;
		};
/* End XCConfigurationList section */

/* Begin XCRemoteSwiftPackageReference section */
		E91B54E82DBE538E00199467 /* XCRemoteSwiftPackageReference "Kingfisher" */ = {
			isa = XCRemoteSwiftPackageReference;
			repositoryURL = "https://github.com/onevcat/Kingfisher.git";
			requirement = {
				kind = upToNextMajorVersion;
				minimumVersion = 8.3.2;
			};
		};
/* End XCRemoteSwiftPackageReference section */

/* Begin XCSwiftPackageProductDependency section */
		E91B54E92DBE538E00199467 /* Kingfisher */ = {
			isa = XCSwiftPackageProductDependency;
			package = E91B54E82DBE538E00199467 /* XCRemoteSwiftPackageReference "Kingfisher" */;
			productName = Kingfisher;
		};
/* End XCSwiftPackageProductDependency section */
	};
	rootObject = E91B54032DBD9BE800199467 /* Project object */;
}
